
Microsoft Visual Studio Solution File, Format Version 12.00
# Visual Studio Version 17
VisualStudioVersion = 17.3.32819.101
MinimumVisualStudioVersion = 10.0.40219.1
Project("{FAE04EC0-301F-11D3-BF4B-00C04F79EFBC}") = "Мультиплексор", "Мультиплексор\Мультиплексор.csproj", "{6E09E989-27D0-48EE-9941-2234248213F3}"
EndProject
Global
	GlobalSection(SolutionConfigurationPlatforms) = preSolution
		Debug|Any CPU = Debug|Any CPU
		Release|Any CPU = Release|Any CPU
	EndGlobalSection
	GlobalSection(ProjectConfigurationPlatforms) = postSolution
		{6E09E989-27D0-48EE-9941-2234248213F3}.Debug|Any CPU.ActiveCfg = Debug|Any CPU
		{6E09E989-27D0-48EE-9941-2234248213F3}.Debug|Any CPU.Build.0 = Debug|Any CPU
		{6E09E989-27D0-48EE-9941-2234248213F3}.Release|Any CPU.ActiveCfg = Release|Any CPU
		{6E09E989-27D0-48EE-9941-2234248213F3}.Release|Any CPU.Build.0 = Release|Any CPU
	EndGlobalSection
	GlobalSection(SolutionProperties) = preSolution
		HideSolutionNode = FALSE
	EndGlobalSection
	GlobalSection(ExtensibilityGlobals) = postSolution
		SolutionGuid = {90A504BC-5723-47D4-9146-8D4CF83C76BB}
	EndGlobalSection
EndGlobal
